
Microsoft Visual Studio Solution File, Format Version 12.00
# Visual Studio Version 17
VisualStudioVersion = 17.14.36429.23 d17.14
MinimumVisualStudioVersion = 10.0.40219.1
Project("{FAE04EC0-301F-11D3-BF4B-00C04F79EFBC}") = "pdfcutter", "pdfcutter\pdfcutter.csproj", "{6253FBAB-F8AE-4786-8B1C-F3B3F34604EE}"
EndProject
Global
	GlobalSection(SolutionConfigurationPlatforms) = preSolution
		Debug|Any CPU = Debug|Any CPU
		Release|Any CPU = Release|Any CPU
	EndGlobalSection
	GlobalSection(ProjectConfigurationPlatforms) = postSolution
		{6253FBAB-F8AE-4786-8B1C-F3B3F34604EE}.Debug|Any CPU.ActiveCfg = Debug|Any CPU
		{6253FBAB-F8AE-4786-8B1C-F3B3F34604EE}.Debug|Any CPU.Build.0 = Debug|Any CPU
		{6253FBAB-F8AE-4786-8B1C-F3B3F34604EE}.Release|Any CPU.ActiveCfg = Release|Any CPU
		{6253FBAB-F8AE-4786-8B1C-F3B3F34604EE}.Release|Any CPU.Build.0 = Release|Any CPU
	EndGlobalSection
	GlobalSection(SolutionProperties) = preSolution
		HideSolutionNode = FALSE
	EndGlobalSection
	GlobalSection(ExtensibilityGlobals) = postSolution
		SolutionGuid = {ACD0703E-5ED5-4512-AFEC-99F718E7486C}
	EndGlobalSection
EndGlobal
